// !$*UTF8*$!
{
	archiveVersion = 1;
	classes = {
	};
	objectVersion = 46;
	objects = {

/* Begin PBXBuildFile section */
		37005A171D4ED44E00F662B5 /* AppDelegate.swift in Sources */ = {isa = PBXBuildFile; fileRef = 37005A161D4ED44E00F662B5 /* AppDelegate.swift */; };
		37005A191D4ED44E00F662B5 /* ViewController.swift in Sources */ = {isa = PBXBuildFile; fileRef = 37005A181D4ED44E00F662B5 /* ViewController.swift */; };
		37005A1C1D4ED44E00F662B5 /* Main.storyboard in Resources */ = {isa = PBXBuildFile; fileRef = 37005A1A1D4ED44E00F662B5 /* Main.storyboard */; };
		37005A1E1D4ED44E00F662B5 /* Assets.xcassets in Resources */ = {isa = PBXBuildFile; fileRef = 37005A1D1D4ED44E00F662B5 /* Assets.xcassets */; };
		37005A211D4ED44E00F662B5 /* LaunchScreen.storyboard in Resources */ = {isa = PBXBuildFile; fileRef = 37005A1F1D4ED44E00F662B5 /* LaunchScreen.storyboard */; };
		37005A2C1D4ED44E00F662B5 /* HamburguesasTests.swift in Sources */ = {isa = PBXBuildFile; fileRef = 37005A2B1D4ED44E00F662B5 /* HamburguesasTests.swift */; };
		37005A371D4ED44E00F662B5 /* HamburguesasUITests.swift in Sources */ = {isa = PBXBuildFile; fileRef = 37005A361D4ED44E00F662B5 /* HamburguesasUITests.swift */; };
		37005A451D4ED46400F662B5 /* Datos.swift in Sources */ = {isa = PBXBuildFile; fileRef = 37005A441D4ED46400F662B5 /* Datos.swift */; };
/* End PBXBuildFile section */

/* Begin PBXContainerItemProxy section */
		37005A281D4ED44E00F662B5 /* PBXContainerItemProxy */ = {
			isa = PBXContainerItemProxy;
			containerPortal = 37005A0B1D4ED44E00F662B5 /* Project object */;
			proxyType = 1;
			remoteGlobalIDString = 37005A121D4ED44E00F662B5;
			remoteInfo = Hamburguesas;
		};
		37005A331D4ED44E00F662B5 /* PBXContainerItemProxy */ = {
			isa = PBXContainerItemProxy;
			containerPortal = 37005A0B1D4ED44E00F662B5 /* Project object */;
			proxyType = 1;
			remoteGlobalIDString = 37005A121D4ED44E00F662B5;
			remoteInfo = Hamburguesas;
		};
/* End PBXContainerItemProxy section */

/* Begin PBXFileReference section */
		37005A131D4ED44E00F662B5 /* Hamburguesas.app */ = {isa = PBXFileReference; explicitFileType = wrapper.application; includeInIndex = 0; path = Hamburguesas.app; sourceTree = BUILT_PRODUCTS_DIR; };
		37005A161D4ED44E00F662B5 /* AppDelegate.swift */ = {isa = PBXFileReference; lastKnownFileType = sourcecode.swift; path = AppDelegate.swift; sourceTree = "<group>"; };
		37005A181D4ED44E00F662B5 /* ViewController.swift */ = {isa = PBXFileReference; lastKnownFileType = sourcecode.swift; path = ViewController.swift; sourceTree = "<group>"; };
		37005A1B1D4ED44E00F662B5 /* Base */ = {isa = PBXFileReference; lastKnownFileType = file.storyboard; name = Base; path = Base.lproj/Main.storyboard; sourceTree = "<group>"; };
		37005A1D1D4ED44E00F662B5 /* Assets.xcassets */ = {isa = PBXFileReference; lastKnownFileType = folder.assetcatalog; path = Assets.xcassets; sourceTree = "<group>"; };
		37005A201D4ED44E00F662B5 /* Base */ = {isa = PBXFileReference; lastKnownFileType = file.storyboard; name = Base; path = Base.lproj/LaunchScreen.storyboard; sourceTree = "<group>"; };
		37005A221D4ED44E00F662B5 /* Info.plist */ = {isa = PBXFileReference; lastKnownFileType = text.plist.xml; path = Info.plist; sourceTree = "<group>"; };
		37005A271D4ED44E00F662B5 /* HamburguesasTests.xctest */ = {isa = PBXFileReference; explicitFileType = wrapper.cfbundle; includeInIndex = 0; path = HamburguesasTests.xctest; sourceTree = BUILT_PRODUCTS_DIR; };
		37005A2B1D4ED44E00F662B5 /* HamburguesasTests.swift */ = {isa = PBXFileReference; lastKnownFileType = sourcecode.swift; path = HamburguesasTests.swift; sourceTree = "<group>"; };
		37005A2D1D4ED44E00F662B5 /* Info.plist */ = {isa = PBXFileReference; lastKnownFileType = text.plist.xml; path = Info.plist; sourceTree = "<group>"; };
		37005A321D4ED44E00F662B5 /* HamburguesasUITests.xctest */ = {isa = PBXFileReference; explicitFileType = wrapper.cfbundle; includeInIndex = 0; path = HamburguesasUITests.xctest; sourceTree = BUILT_PRODUCTS_DIR; };
		37005A361D4ED44E00F662B5 /* HamburguesasUITests.swift */ = {isa = PBXFileReference; lastKnownFileType = sourcecode.swift; path = HamburguesasUITests.swift; sourceTree = "<group>"; };
		37005A381D4ED44E00F662B5 /* Info.plist */ = {isa = PBXFileReference; lastKnownFileType = text.plist.xml; path = Info.plist; sourceTree = "<group>"; };
		37005A441D4ED46400F662B5 /* Datos.swift */ = {isa = PBXFileReference; fileEncoding = 4; lastKnownFileType = sourcecode.swift; path = Datos.swift; sourceTree = "<group>"; };
/* End PBXFileReference section */

/* Begin PBXFrameworksBuildPhase section */
		37005A101D4ED44E00F662B5 /* Frameworks */ = {
			isa = PBXFrameworksBuildPhase;
			buildActionMask = 2147483647;
			files = (
			);
			runOnlyForDeploymentPostprocessing = 0;
		};
		37005A241D4ED44E00F662B5 /* Frameworks */ = {
			isa = PBXFrameworksBuildPhase;
			buildActionMask = 2147483647;
			files = (
			);
			runOnlyForDeploymentPostprocessing = 0;
		};
		37005A2F1D4ED44E00F662B5 /* Frameworks */ = {
			isa = PBXFrameworksBuildPhase;
			buildActionMask = 2147483647;
			files = (
			);
			runOnlyForDeploymentPostprocessing = 0;
		};
/* End PBXFrameworksBuildPhase section */

/* Begin PBXGroup section */
		37005A0A1D4ED44E00F662B5 = {
			isa = PBXGroup;
			children = (
				37005A151D4ED44E00F662B5 /* Hamburguesas */,
				37005A2A1D4ED44E00F662B5 /* HamburguesasTests */,
				37005A351D4ED44E00F662B5 /* HamburguesasUITests */,
				37005A141D4ED44E00F662B5 /* Products */,
			);
			sourceTree = "<group>";
		};
		37005A141D4ED44E00F662B5 /* Products */ = {
			isa = PBXGroup;
			children = (
				37005A131D4ED44E00F662B5 /* Hamburguesas.app */,
				37005A271D4ED44E00F662B5 /* HamburguesasTests.xctest */,
				37005A321D4ED44E00F662B5 /* HamburguesasUITests.xctest */,
			);
			name = Products;
			sourceTree = "<group>";
		};
		37005A151D4ED44E00F662B5 /* Hamburguesas */ = {
			isa = PBXGroup;
			children = (
				37005A161D4ED44E00F662B5 /* AppDelegate.swift */,
				37005A181D4ED44E00F662B5 /* ViewController.swift */,
				37005A1A1D4ED44E00F662B5 /* Main.storyboard */,
				37005A1D1D4ED44E00F662B5 /* Assets.xcassets */,
				37005A1F1D4ED44E00F662B5 /* LaunchScreen.storyboard */,
				37005A221D4ED44E00F662B5 /* Info.plist */,
				37005A441D4ED46400F662B5 /* Datos.swift */,
			);
			path = Hamburguesas;
			sourceTree = "<group>";
		};
		37005A2A1D4ED44E00F662B5 /* HamburguesasTests */ = {
			isa = PBXGroup;
			children = (
				37005A2B1D4ED44E00F662B5 /* HamburguesasTests.swift */,
				37005A2D1D4ED44E00F662B5 /* Info.plist */,
			);
			path = HamburguesasTests;
			sourceTree = "<group>";
		};
		37005A351D4ED44E00F662B5 /* HamburguesasUITests */ = {
			isa = PBXGroup;
			children = (
				37005A361D4ED44E00F662B5 /* HamburguesasUITests.swift */,
				37005A381D4ED44E00F662B5 /* Info.plist */,
			);
			path = HamburguesasUITests;
			sourceTree = "<group>";
		};
/* End PBXGroup section */

/* Begin PBXNativeTarget section */
		37005A121D4ED44E00F662B5 /* Hamburguesas */ = {
			isa = PBXNativeTarget;
			buildConfigurationList = 37005A3B1D4ED44E00F662B5 /* Build configuration list for PBXNativeTarget "Hamburguesas" */;
			buildPhases = (
				37005A0F1D4ED44E00F662B5 /* Sources */,
				37005A101D4ED44E00F662B5 /* Frameworks */,
				37005A111D4ED44E00F662B5 /* Resources */,
			);
			buildRules = (
			);
			dependencies = (
			);
			name = Hamburguesas;
			productName = Hamburguesas;
			productReference = 37005A131D4ED44E00F662B5 /* Hamburguesas.app */;
			productType = "com.apple.product-type.application";
		};
		37005A261D4ED44E00F662B5 /* HamburguesasTests */ = {
			isa = PBXNativeTarget;
			buildConfigurationList = 37005A3E1D4ED44E00F662B5 /* Build configuration list for PBXNativeTarget "HamburguesasTests" */;
			buildPhases = (
				37005A231D4ED44E00F662B5 /* Sources */,
				37005A241D4ED44E00F662B5 /* Frameworks */,
				37005A251D4ED44E00F662B5 /* Resources */,
			);
			buildRules = (
			);
			dependencies = (
				37005A291D4ED44E00F662B5 /* PBXTargetDependency */,
			);
			name = HamburguesasTests;
			productName = HamburguesasTests;
			productReference = 37005A271D4ED44E00F662B5 /* HamburguesasTests.xctest */;
			productType = "com.apple.product-type.bundle.unit-test";
		};
		37005A311D4ED44E00F662B5 /* HamburguesasUITests */ = {
			isa = PBXNativeTarget;
			buildConfigurationList = 37005A411D4ED44E00F662B5 /* Build configuration list for PBXNativeTarget "HamburguesasUITests" */;
			buildPhases = (
				37005A2E1D4ED44E00F662B5 /* Sources */,
				37005A2F1D4ED44E00F662B5 /* Frameworks */,
				37005A301D4ED44E00F662B5 /* Resources */,
			);
			buildRules = (
			);
			dependencies = (
				37005A341D4ED44E00F662B5 /* PBXTargetDependency */,
			);
			name = HamburguesasUITests;
			productName = HamburguesasUITests;
			productReference = 37005A321D4ED44E00F662B5 /* HamburguesasUITests.xctest */;
			productType = "com.apple.product-type.bundle.ui-testing";
		};
/* End PBXNativeTarget section */

/* Begin PBXProject section */
		37005A0B1D4ED44E00F662B5 /* Project object */ = {
			isa = PBXProject;
			attributes = {
				LastSwiftUpdateCheck = 0730;
				LastUpgradeCheck = 0730;
				ORGANIZATIONNAME = Marlon;
				TargetAttributes = {
					37005A121D4ED44E00F662B5 = {
						CreatedOnToolsVersion = 7.3.1;
					};
					37005A261D4ED44E00F662B5 = {
						CreatedOnToolsVersion = 7.3.1;
						TestTargetID = 37005A121D4ED44E00F662B5;
					};
					37005A311D4ED44E00F662B5 = {
						CreatedOnToolsVersion = 7.3.1;
						TestTargetID = 37005A121D4ED44E00F662B5;
					};
				};
			};
			buildConfigurationList = 37005A0E1D4ED44E00F662B5 /* Build configuration list for PBXProject "Hamburguesas" */;
			compatibilityVersion = "Xcode 3.2";
			developmentRegion = English;
			hasScannedForEncodings = 0;
			knownRegions = (
				en,
				Base,
			);
			mainGroup = 37005A0A1D4ED44E00F662B5;
			productRefGroup = 37005A141D4ED44E00F662B5 /* Products */;
			projectDirPath = "";
			projectRoot = "";
			targets = (
				37005A121D4ED44E00F662B5 /* Hamburguesas */,
				37005A261D4ED44E00F662B5 /* HamburguesasTests */,
				37005A311D4ED44E00F662B5 /* HamburguesasUITests */,
			);
		};
/* End PBXProject section */

/* Begin PBXResourcesBuildPhase section */
		37005A111D4ED44E00F662B5 /* Resources */ = {
			isa = PBXResourcesBuildPhase;
			buildActionMask = 2147483647;
			files = (
				37005A211D4ED44E00F662B5 /* LaunchScreen.storyboard in Resources */,
				37005A1E1D4ED44E00F662B5 /* Assets.xcassets in Resources */,
				37005A1C1D4ED44E00F662B5 /* Main.storyboard in Resources */,
			);
			runOnlyForDeploymentPostprocessing = 0;
		};
		37005A251D4ED44E00F662B5 /* Resources */ = {
			isa = PBXResourcesBuildPhase;
			buildActionMask = 2147483647;
			files = (
			);
			runOnlyForDeploymentPostprocessing = 0;
		};
		37005A301D4ED44E00F662B5 /* Resources */ = {
			isa = PBXResourcesBuildPhase;
			buildActionMask = 2147483647;
			files = (
			);
			runOnlyForDeploymentPostprocessing = 0;
		};
/* End PBXResourcesBuildPhase section */

/* Begin PBXSourcesBuildPhase section */
		37005A0F1D4ED44E00F662B5 /* Sources */ = {
			isa = PBXSourcesBuildPhase;
			buildActionMask = 2147483647;
			files = (
				37005A191D4ED44E00F662B5 /* ViewController.swift in Sources */,
				37005A171D4ED44E00F662B5 /* AppDelegate.swift in Sources */,
				37005A451D4ED46400F662B5 /* Datos.swift in Sources */,
			);
			runOnlyForDeploymentPostprocessing = 0;
		};
		37005A231D4ED44E00F662B5 /* Sources */ = {
			isa = PBXSourcesBuildPhase;
			buildActionMask = 2147483647;
			files = (
				37005A2C1D4ED44E00F662B5 /* HamburguesasTests.swift in Sources */,
			);
			runOnlyForDeploymentPostprocessing = 0;
		};
		37005A2E1D4ED44E00F662B5 /* Sources */ = {
			isa = PBXSourcesBuildPhase;
			buildActionMask = 2147483647;
			files = (
				37005A371D4ED44E00F662B5 /* HamburguesasUITests.swift in Sources */,
			);
			runOnlyForDeploymentPostprocessing = 0;
		};
/* End PBXSourcesBuildPhase section */

/* Begin PBXTargetDependency section */
		37005A291D4ED44E00F662B5 /* PBXTargetDependency */ = {
			isa = PBXTargetDependency;
			target = 37005A121D4ED44E00F662B5 /* Hamburguesas */;
			targetProxy = 37005A281D4ED44E00F662B5 /* PBXContainerItemProxy */;
		};
		37005A341D4ED44E00F662B5 /* PBXTargetDependency */ = {
			isa = PBXTargetDependency;
			target = 37005A121D4ED44E00F662B5 /* Hamburguesas */;
			targetProxy = 37005A331D4ED44E00F662B5 /* PBXContainerItemProxy */;
		};
/* End PBXTargetDependency section */

/* Begin PBXVariantGroup section */
		37005A1A1D4ED44E00F662B5 /* Main.storyboard */ = {
			isa = PBXVariantGroup;
			children = (
				37005A1B1D4ED44E00F662B5 /* Base */,
			);
			name = Main.storyboard;
			sourceTree = "<group>";
		};
		37005A1F1D4ED44E00F662B5 /* LaunchScreen.storyboard */ = {
			isa = PBXVariantGroup;
			children = (
				37005A201D4ED44E00F662B5 /* Base */,
			);
			name = LaunchScreen.storyboard;
			sourceTree = "<group>";
		};
/* End PBXVariantGroup section */

/* Begin XCBuildConfiguration section */
		37005A391D4ED44E00F662B5 /* Debug */ = {
			isa = XCBuildConfiguration;
			buildSettings = {
				ALWAYS_SEARCH_USER_PATHS = NO;
				CLANG_ANALYZER_NONNULL = YES;
				CLANG_CXX_LANGUAGE_STANDARD = "gnu++0x";
				CLANG_CXX_LIBRARY = "libc++";
				CLANG_ENABLE_MODULES = YES;
				CLANG_ENABLE_OBJC_ARC = YES;
				CLANG_WARN_BOOL_CONVERSION = YES;
				CLANG_WARN_CONSTANT_CONVERSION = YES;
				CLANG_WARN_DIRECT_OBJC_ISA_USAGE = YES_ERROR;
				CLANG_WARN_EMPTY_BODY = YES;
				CLANG_WARN_ENUM_CONVERSION = YES;
				CLANG_WARN_INT_CONVERSION = YES;
				CLANG_WARN_OBJC_ROOT_CLASS = YES_ERROR;
				CLANG_WARN_UNREACHABLE_CODE = YES;
				CLANG_WARN__DUPLICATE_METHOD_MATCH = YES;
				"CODE_SIGN_IDENTITY[sdk=iphoneos*]" = "iPhone Developer";
				COPY_PHASE_STRIP = NO;
				DEBUG_INFORMATION_FORMAT = dwarf;
				ENABLE_STRICT_OBJC_MSGSEND = YES;
				ENABLE_TESTABILITY = YES;
				GCC_C_LANGUAGE_STANDARD = gnu99;
				GCC_DYNAMIC_NO_PIC = NO;
				GCC_NO_COMMON_BLOCKS = YES;
				GCC_OPTIMIZATION_LEVEL = 0;
				GCC_PREPROCESSOR_DEFINITIONS = (
					"DEBUG=1",
					"$(inherited)",
				);
				GCC_WARN_64_TO_32_BIT_CONVERSION = YES;
				GCC_WARN_ABOUT_RETURN_TYPE = YES_ERROR;
				GCC_WARN_UNDECLARED_SELECTOR = YES;
				GCC_WARN_UNINITIALIZED_AUTOS = YES_AGGRESSIVE;
				GCC_WARN_UNUSED_FUNCTION = YES;
				GCC_WARN_UNUSED_VARIABLE = YES;
				IPHONEOS_DEPLOYMENT_TARGET = 9.3;
				MTL_ENABLE_DEBUG_INFO = YES;
				ONLY_ACTIVE_ARCH = YES;
				SDKROOT = iphoneos;
				SWIFT_OPTIMIZATION_LEVEL = "-Onone";
				TARGETED_DEVICE_FAMILY = "1,2";
			};
			name = Debug;
		};
		37005A3A1D4ED44E00F662B5 /* Release */ = {
			isa = XCBuildConfiguration;
			buildSettings = {
				ALWAYS_SEARCH_USER_PATHS = NO;
				CLANG_ANALYZER_NONNULL = YES;
				CLANG_CXX_LANGUAGE_STANDARD = "gnu++0x";
				CLANG_CXX_LIBRARY = "libc++";
				CLANG_ENABLE_MODULES = YES;
				CLANG_ENABLE_OBJC_ARC = YES;
				CLANG_WARN_BOOL_CONVERSION = YES;
				CLANG_WARN_CONSTANT_CONVERSION = YES;
				CLANG_WARN_DIRECT_OBJC_ISA_USAGE = YES_ERROR;
				CLANG_WARN_EMPTY_BODY = YES;
				CLANG_WARN_ENUM_CONVERSION = YES;
				CLANG_WARN_INT_CONVERSION = YES;
				CLANG_WARN_OBJC_ROOT_CLASS = YES_ERROR;
				CLANG_WARN_UNREACHABLE_CODE = YES;
				CLANG_WARN__DUPLICATE_METHOD_MATCH = YES;
				"CODE_SIGN_IDENTITY[sdk=iphoneos*]" = "iPhone Developer";
				COPY_PHASE_STRIP = NO;
				DEBUG_INFORMATION_FORMAT = "dwarf-with-dsym";
				ENABLE_NS_ASSERTIONS = NO;
				ENABLE_STRICT_OBJC_MSGSEND = YES;
				GCC_C_LANGUAGE_STANDARD = gnu99;
				GCC_NO_COMMON_BLOCKS = YES;
				GCC_WARN_64_TO_32_BIT_CONVERSION = YES;
				GCC_WARN_ABOUT_RETURN_TYPE = YES_ERROR;
				GCC_WARN_UNDECLARED_SELECTOR = YES;
				GCC_WARN_UNINITIALIZED_AUTOS = YES_AGGRESSIVE;
				GCC_WARN_UNUSED_FUNCTION = YES;
				GCC_WARN_UNUSED_VARIABLE = YES;
				IPHONEOS_DEPLOYMENT_TARGET = 9.3;
				MTL_ENABLE_DEBUG_INFO = NO;
				SDKROOT = iphoneos;
				TARGETED_DEVICE_FAMILY = "1,2";
				VALIDATE_PRODUCT = YES;
			};
			name = Release;
		};
		37005A3C1D4ED44E00F662B5 /* Debug */ = {
			isa = XCBuildConfiguration;
			buildSettings = {
				ASSETCATALOG_COMPILER_APPICON_NAME = AppIcon;
				INFOPLIST_FILE = Hamburguesas/Info.plist;
				LD_RUNPATH_SEARCH_PATHS = "$(inherited) @executable_path/Frameworks";
				PRODUCT_BUNDLE_IDENTIFIER = cx.Hamburguesas;
				PRODUCT_NAME = "$(TARGET_NAME)";
			};
			name = Debug;
		};
		37005A3D1D4ED44E00F662B5 /* Release */ = {
			isa = XCBuildConfiguration;
			buildSettings = {
				ASSETCATALOG_COMPILER_APPICON_NAME = AppIcon;
				INFOPLIST_FILE = Hamburguesas/Info.plist;
				LD_RUNPATH_SEARCH_PATHS = "$(inherited) @executable_path/Frameworks";
				PRODUCT_BUNDLE_IDENTIFIER = cx.Hamburguesas;
				PRODUCT_NAME = "$(TARGET_NAME)";
			};
			name = Release;
		};
		37005A3F1D4ED44E00F662B5 /* Debug */ = {
			isa = XCBuildConfiguration;
			buildSettings = {
				BUNDLE_LOADER = "$(TEST_HOST)";
				INFOPLIST_FILE = HamburguesasTests/Info.plist;
				LD_RUNPATH_SEARCH_PATHS = "$(inherited) @executable_path/Frameworks @loader_path/Frameworks";
				PRODUCT_BUNDLE_IDENTIFIER = cx.HamburguesasTests;
				PRODUCT_NAME = "$(TARGET_NAME)";
				TEST_HOST = "$(BUILT_PRODUCTS_DIR)/Hamburguesas.app/Hamburguesas";
			};
			name = Debug;
		};
		37005A401D4ED44E00F662B5 /* Release */ = {
			isa = XCBuildConfiguration;
			buildSettings = {
				BUNDLE_LOADER = "$(TEST_HOST)";
				INFOPLIST_FILE = HamburguesasTests/Info.plist;
				LD_RUNPATH_SEARCH_PATHS = "$(inherited) @executable_path/Frameworks @loader_path/Frameworks";
				PRODUCT_BUNDLE_IDENTIFIER = cx.HamburguesasTests;
				PRODUCT_NAME = "$(TARGET_NAME)";
				TEST_HOST = "$(BUILT_PRODUCTS_DIR)/Hamburguesas.app/Hamburguesas";
			};
			name = Release;
		};
		37005A421D4ED44E00F662B5 /* Debug */ = {
			isa = XCBuildConfiguration;
			buildSettings = {
				INFOPLIST_FILE = HamburguesasUITests/Info.plist;
				LD_RUNPATH_SEARCH_PATHS = "$(inherited) @executable_path/Frameworks @loader_path/Frameworks";
				PRODUCT_BUNDLE_IDENTIFIER = cx.HamburguesasUITests;
				PRODUCT_NAME = "$(TARGET_NAME)";
				TEST_TARGET_NAME = Hamburguesas;
			};
			name = Debug;
		};
		37005A431D4ED44E00F662B5 /* Release */ = {
			isa = XCBuildConfiguration;
			buildSettings = {
				INFOPLIST_FILE = HamburguesasUITests/Info.plist;
				LD_RUNPATH_SEARCH_PATHS = "$(inherited) @executable_path/Frameworks @loader_path/Frameworks";
				PRODUCT_BUNDLE_IDENTIFIER = cx.HamburguesasUITests;
				PRODUCT_NAME = "$(TARGET_NAME)";
				TEST_TARGET_NAME = Hamburguesas;
			};
			name = Release;
		};
/* End XCBuildConfiguration section */

/* Begin XCConfigurationList section */
		37005A0E1D4ED44E00F662B5 /* Build configuration list for PBXProject "Hamburguesas" */ = {
			isa = XCConfigurationList;
			buildConfigurations = (
				37005A391D4ED44E00F662B5 /* Debug */,
				37005A3A1D4ED44E00F662B5 /* Release */,
			);
			defaultConfigurationIsVisible = 0;
			defaultConfigurationName = Release;
		};
		37005A3B1D4ED44E00F662B5 /* Build configuration list for PBXNativeTarget "Hamburguesas" */ = {
			isa = XCConfigurationList;
			buildConfigurations = (
				37005A3C1D4ED44E00F662B5 /* Debug */,
				37005A3D1D4ED44E00F662B5 /* Release */,
			);
			defaultConfigurationIsVisible = 0;
		};
		37005A3E1D4ED44E00F662B5 /* Build configuration list for PBXNativeTarget "HamburguesasTests" */ = {
			isa = XCConfigurationList;
			buildConfigurations = (
				37005A3F1D4ED44E00F662B5 /* Debug */,
				37005A401D4ED44E00F662B5 /* Release */,
			);
			defaultConfigurationIsVisible = 0;
		};
		37005A411D4ED44E00F662B5 /* Build configuration list for PBXNativeTarget "HamburguesasUITests" */ = {
			isa = XCConfigurationList;
			buildConfigurations = (
				37005A421D4ED44E00F662B5 /* Debug */,
				37005A431D4ED44E00F662B5 /* Release */,
			);
			defaultConfigurationIsVisible = 0;
		};
/* End XCConfigurationList section */
	};
	rootObject = 37005A0B1D4ED44E00F662B5 /* Project object */;
}
